
Microsoft Visual Studio Solution File, Format Version 12.00
# Visual Studio Version 16
VisualStudioVersion = 16.0.31410.357
MinimumVisualStudioVersion = 10.0.40219.1
Project("{FAE04EC0-301F-11D3-BF4B-00C04F79EFBC}") = "TataCarApp", "TataCarApp.csproj", "{84EA7213-9346-429E-AAD8-37EA837E3377}"
EndProject
Global
	GlobalSection(SolutionConfigurationPlatforms) = preSolution
		Debug|Any CPU = Debug|Any CPU
		Release|Any CPU = Release|Any CPU
	EndGlobalSection
	GlobalSection(ProjectConfigurationPlatforms) = postSolution
		{84EA7213-9346-429E-AAD8-37EA837E3377}.Debug|Any CPU.ActiveCfg = Debug|Any CPU
		{84EA7213-9346-429E-AAD8-37EA837E3377}.Debug|Any CPU.Build.0 = Debug|Any CPU
		{84EA7213-9346-429E-AAD8-37EA837E3377}.Release|Any CPU.ActiveCfg = Release|Any CPU
		{84EA7213-9346-429E-AAD8-37EA837E3377}.Release|Any CPU.Build.0 = Release|Any CPU
	EndGlobalSection
	GlobalSection(SolutionProperties) = preSolution
		HideSolutionNode = FALSE
	EndGlobalSection
	GlobalSection(ExtensibilityGlobals) = postSolution
		SolutionGuid = {78E78E42-A5F0-41FD-BF22-9C117D67E117}
	EndGlobalSection
EndGlobal
